PODS:
  - CollapseTableView (1.0.2)
  - Cosmos (20.0.1)
  - FSCalendar (2.8.1)
  - GoogleMaps (3.9.0):
    - GoogleMaps/Maps (= 3.9.0)
  - GoogleMaps/Base (3.9.0)
  - GoogleMaps/Maps (3.9.0):
    - GoogleMaps/Base
  - RNActivityView (0.0.7)

DEPENDENCIES:
  - CollapseTableView
  - Cosmos
  - FSCalendar
  - GoogleMaps
  - RNActivityView (= 0.0.7)

SPEC REPOS:
  trunk:
    - CollapseTableView
    - Cosmos
    - FSCalendar
    - GoogleMaps
    - RNActivityView

SPEC CHECKSUMS:
  CollapseTableView: 70069c71f90030757e0027d790e286a9a634d93c
  Cosmos: b47fddf2102bb48580cd3025d9ce0a5c658a65da
  FSCalendar: 5245140456fcbcac5824c203b98bd8068bdfee1a
  GoogleMaps: 4b5346bddfe6911bb89155d43c903020170523ac
  RNActivityView: d1bde2ec4956ad8f69da9650afe7898311221a8e

PODFILE CHECKSUM: f661a37c8a38e0a846b08692a1c47d3de4c9a575

COCOAPODS: 1.8.4
