PODS:
  - Alamofire (4.8.2)
  - CollapseTableView (1.0.2)
  - Cosmos (20.0.1)
  - DropDown (2.3.13)
  - FlagPhoneNumber (0.8.0):
    - FlagPhoneNumber/libPhoneNumberiOS (= 0.8.0)
  - FlagPhoneNumber/libPhoneNumberiOS (0.8.0)
  - FSCalendar (2.8.1)
  - GoogleMaps (3.9.0):
    - GoogleMaps/Maps (= 3.9.0)
  - GoogleMaps/Base (3.9.0)
  - GoogleMaps/Maps (3.9.0):
    - GoogleMaps/Base
  - Kingfisher (5.4.0)
  - RNActivityView (0.0.7)
  - RxCocoa (5.1.1):
    - RxRelay (~> 5)
    - RxSwift (~> 5)
  - RxRelay (5.1.1):
    - RxSwift (~> 5)
  - RxSwift (5.1.1)
  - SVProgressHUD (2.2.5)
  - SwiftMessages (6.0.2):
    - SwiftMessages/App (= 6.0.2)
  - SwiftMessages/App (6.0.2)
  - SwiftyJSON (5.0.0)

DEPENDENCIES:
  - Alamofire (~> 4.8.2)
  - CollapseTableView
  - Cosmos
  - DropDown (~> 2.3.13)
  - FlagPhoneNumber
  - FSCalendar
  - GoogleMaps
  - Kingfisher (~> 5.4.0)
  - RNActivityView (= 0.0.7)
  - RxCocoa (~> 5)
  - RxSwift (~> 5)
  - SVProgressHUD (~> 2.2.5)
  - SwiftMessages (~> 6.0.2)
  - SwiftyJSON (~> 5.0.0)

SPEC REPOS:
  trunk:
    - Alamofire
    - CollapseTableView
    - Cosmos
    - DropDown
    - FlagPhoneNumber
    - FSCalendar
    - GoogleMaps
    - Kingfisher
    - RNActivityView
    - RxCocoa
    - RxRelay
    - RxSwift
    - SVProgressHUD
    - SwiftMessages
    - SwiftyJSON

SPEC CHECKSUMS:
  Alamofire: ae5c501addb7afdbb13687d7f2f722c78734c2d3
  CollapseTableView: 70069c71f90030757e0027d790e286a9a634d93c
  Cosmos: b47fddf2102bb48580cd3025d9ce0a5c658a65da
  DropDown: 8a2116376c1981888557f72ec2ffc9a5e0e456ec
  FlagPhoneNumber: 3712455b95f66cb0f2016fef7d9e34cddf8c7f9a
  FSCalendar: 5245140456fcbcac5824c203b98bd8068bdfee1a
  GoogleMaps: 4b5346bddfe6911bb89155d43c903020170523ac
  Kingfisher: 9c8f2cc6710334e06f32ba2b45e77707d5e2f0c9
  RNActivityView: d1bde2ec4956ad8f69da9650afe7898311221a8e
  RxCocoa: 32065309a38d29b5b0db858819b5bf9ef038b601
  RxRelay: d77f7d771495f43c556cbc43eebd1bb54d01e8e9
  RxSwift: 81470a2074fa8780320ea5fe4102807cb7118178
  SVProgressHUD: 1428aafac632c1f86f62aa4243ec12008d7a51d6
  SwiftMessages: 8b3cc68dba2f1c91aac1a74c90b10287aac35371
  SwiftyJSON: 36413e04c44ee145039d332b4f4e2d3e8d6c4db7

PODFILE CHECKSUM: 02f738f496331737e0136e262a00face2cfd67cb

COCOAPODS: 1.10.1
